
Microsoft Visual Studio Solution File, Format Version 12.00
# Visual Studio 15
VisualStudioVersion = 15.0.28307.1169
MinimumVisualStudioVersion = 10.0.40219.1
Project("{FAE04EC0-301F-11D3-BF4B-00C04F79EFBC}") = "program.cs", "program.cs\program.cs.csproj", "{07679D76-64EA-4512-BCB3-39F57233B7C5}"
EndProject
Global
	GlobalSection(SolutionConfigurationPlatforms) = preSolution
		Debug|Any CPU = Debug|Any CPU
		Release|Any CPU = Release|Any CPU
	EndGlobalSection
	GlobalSection(ProjectConfigurationPlatforms) = postSolution
		{07679D76-64EA-4512-BCB3-39F57233B7C5}.Debug|Any CPU.ActiveCfg = Debug|Any CPU
		{07679D76-64EA-4512-BCB3-39F57233B7C5}.Debug|Any CPU.Build.0 = Debug|Any CPU
		{07679D76-64EA-4512-BCB3-39F57233B7C5}.Release|Any CPU.ActiveCfg = Release|Any CPU
		{07679D76-64EA-4512-BCB3-39F57233B7C5}.Release|Any CPU.Build.0 = Release|Any CPU
	EndGlobalSection
	GlobalSection(SolutionProperties) = preSolution
		HideSolutionNode = FALSE
	EndGlobalSection
	GlobalSection(ExtensibilityGlobals) = postSolution
		SolutionGuid = {2D7323F8-0E17-4041-B377-345D2E26A325}
	EndGlobalSection
EndGlobal
